
Microsoft Visual Studio Solution File, Format Version 12.00
# Visual Studio Version 16
VisualStudioVersion = 16.0.30717.126
MinimumVisualStudioVersion = 10.0.40219.1
Project("{9A19103F-16F7-4668-BE54-9A1E7A4F7556}") = "githubstats", "Test BlazorApp\githubstats.csproj", "{235A5340-8EF0-4A86-AB0C-929A3ABC1A43}"
EndProject
Project("{9092AA53-FB77-4645-B42D-1CCCA6BD08BD}") = "integrityGenerator", "integrityGenerator\integrityGenerator.njsproj", "{B5F430DC-BBE7-4CF7-9DF7-E33AD4031159}"
EndProject
Project("{2150E333-8FDC-42A3-9474-1A3956D46DE8}") = "Solution Items", "Solution Items", "{E8682880-B691-40FB-AEC7-0E76B318C16D}"
	ProjectSection(SolutionItems) = preProject
		Readme.md = Readme.md
	EndProjectSection
EndProject
Global
	GlobalSection(SolutionConfigurationPlatforms) = preSolution
		Debug|Any CPU = Debug|Any CPU
		Release|Any CPU = Release|Any CPU
	EndGlobalSection
	GlobalSection(ProjectConfigurationPlatforms) = postSolution
		{235A5340-8EF0-4A86-AB0C-929A3ABC1A43}.Debug|Any CPU.ActiveCfg = Debug|Any CPU
		{235A5340-8EF0-4A86-AB0C-929A3ABC1A43}.Debug|Any CPU.Build.0 = Debug|Any CPU
		{235A5340-8EF0-4A86-AB0C-929A3ABC1A43}.Release|Any CPU.ActiveCfg = Release|Any CPU
		{235A5340-8EF0-4A86-AB0C-929A3ABC1A43}.Release|Any CPU.Build.0 = Release|Any CPU
		{B5F430DC-BBE7-4CF7-9DF7-E33AD4031159}.Debug|Any CPU.ActiveCfg = Debug|Any CPU
		{B5F430DC-BBE7-4CF7-9DF7-E33AD4031159}.Debug|Any CPU.Build.0 = Debug|Any CPU
		{B5F430DC-BBE7-4CF7-9DF7-E33AD4031159}.Release|Any CPU.ActiveCfg = Release|Any CPU
		{B5F430DC-BBE7-4CF7-9DF7-E33AD4031159}.Release|Any CPU.Build.0 = Release|Any CPU
	EndGlobalSection
	GlobalSection(SolutionProperties) = preSolution
		HideSolutionNode = FALSE
	EndGlobalSection
	GlobalSection(ExtensibilityGlobals) = postSolution
		SolutionGuid = {73118454-1DD1-447C-A609-BB91690ABFC5}
	EndGlobalSection
EndGlobal
